
Microsoft Visual Studio Solution File, Format Version 12.00
# Visual Studio Version 17
VisualStudioVersion = 17.8.34322.80
MinimumVisualStudioVersion = 10.0.40219.1
Project("{9A19103F-16F7-4668-BE54-9A1E7A4F7556}") = "DeliVeggieGateway", "DeliVeggie\DeliVeggieGateway.csproj", "{F682AA67-1D7B-4612-984D-E1251759A903}"
EndProject
Project("{54A90642-561A-4BB1-A94E-469ADEE60C69}") = "DeliVeggieClient", "DeliVeggieClient\DeliVeggieClient.esproj", "{7A40E755-C75B-4E7A-9E4B-1E25CCB477C8}"
EndProject
Project("{9A19103F-16F7-4668-BE54-9A1E7A4F7556}") = "DeliVeggiieShared", "DeliVeggiieShared\DeliVeggiieShared.csproj", "{E12BB164-3FB4-4EED-B342-B7D911789F43}"
EndProject
Project("{FAE04EC0-301F-11D3-BF4B-00C04F79EFBC}") = "DeliVeggieProvider", "DeliVeggieProvider\DeliVeggieProvider.csproj", "{D4D56D33-5583-4266-A9F5-E009D2F3E01E}"
EndProject
Global
	GlobalSection(SolutionConfigurationPlatforms) = preSolution
		Debug|Any CPU = Debug|Any CPU
		Release|Any CPU = Release|Any CPU
	EndGlobalSection
	GlobalSection(ProjectConfigurationPlatforms) = postSolution
		{F682AA67-1D7B-4612-984D-E1251759A903}.Debug|Any CPU.ActiveCfg = Debug|Any CPU
		{F682AA67-1D7B-4612-984D-E1251759A903}.Debug|Any CPU.Build.0 = Debug|Any CPU
		{F682AA67-1D7B-4612-984D-E1251759A903}.Release|Any CPU.ActiveCfg = Release|Any CPU
		{F682AA67-1D7B-4612-984D-E1251759A903}.Release|Any CPU.Build.0 = Release|Any CPU
		{7A40E755-C75B-4E7A-9E4B-1E25CCB477C8}.Debug|Any CPU.ActiveCfg = Debug|Any CPU
		{7A40E755-C75B-4E7A-9E4B-1E25CCB477C8}.Debug|Any CPU.Build.0 = Debug|Any CPU
		{7A40E755-C75B-4E7A-9E4B-1E25CCB477C8}.Debug|Any CPU.Deploy.0 = Debug|Any CPU
		{7A40E755-C75B-4E7A-9E4B-1E25CCB477C8}.Release|Any CPU.ActiveCfg = Release|Any CPU
		{7A40E755-C75B-4E7A-9E4B-1E25CCB477C8}.Release|Any CPU.Build.0 = Release|Any CPU
		{7A40E755-C75B-4E7A-9E4B-1E25CCB477C8}.Release|Any CPU.Deploy.0 = Release|Any CPU
		{E12BB164-3FB4-4EED-B342-B7D911789F43}.Debug|Any CPU.ActiveCfg = Debug|Any CPU
		{E12BB164-3FB4-4EED-B342-B7D911789F43}.Debug|Any CPU.Build.0 = Debug|Any CPU
		{E12BB164-3FB4-4EED-B342-B7D911789F43}.Release|Any CPU.ActiveCfg = Release|Any CPU
		{E12BB164-3FB4-4EED-B342-B7D911789F43}.Release|Any CPU.Build.0 = Release|Any CPU
		{D4D56D33-5583-4266-A9F5-E009D2F3E01E}.Debug|Any CPU.ActiveCfg = Debug|Any CPU
		{D4D56D33-5583-4266-A9F5-E009D2F3E01E}.Debug|Any CPU.Build.0 = Debug|Any CPU
		{D4D56D33-5583-4266-A9F5-E009D2F3E01E}.Release|Any CPU.ActiveCfg = Release|Any CPU
		{D4D56D33-5583-4266-A9F5-E009D2F3E01E}.Release|Any CPU.Build.0 = Release|Any CPU
	EndGlobalSection
	GlobalSection(SolutionProperties) = preSolution
		HideSolutionNode = FALSE
	EndGlobalSection
	GlobalSection(ExtensibilityGlobals) = postSolution
		SolutionGuid = {09193FB2-834B-4F49-B9D9-E4158AF7E326}
	EndGlobalSection
EndGlobal
